// !$*UTF8*$!
{
	archiveVersion = 1;
	classes = {
	};
	objectVersion = 50;
	objects = {

/* Begin PBXBuildFile section */
		5DEC9E392269A01A005EFC58 /* AppDelegate.swift in Sources */ = {isa = PBXBuildFile; fileRef = 5DEC9E382269A01A005EFC58 /* AppDelegate.swift */; };
		5DEC9E3B2269A01A005EFC58 /* ViewController.swift in Sources */ = {isa = PBXBuildFile; fileRef = 5DEC9E3A2269A01A005EFC58 /* ViewController.swift */; };
		5DEC9E3E2269A01A005EFC58 /* Main.storyboard in Resources */ = {isa = PBXBuildFile; fileRef = 5DEC9E3C2269A01A005EFC58 /* Main.storyboard */; };
		5DEC9E402269A01C005EFC58 /* Assets.xcassets in Resources */ = {isa = PBXBuildFile; fileRef = 5DEC9E3F2269A01C005EFC58 /* Assets.xcassets */; };
		5DEC9E432269A01C005EFC58 /* LaunchScreen.storyboard in Resources */ = {isa = PBXBuildFile; fileRef = 5DEC9E412269A01C005EFC58 /* LaunchScreen.storyboard */; };
		5DEC9E4B226C3E88005EFC58 /* Quote.swift in Sources */ = {isa = PBXBuildFile; fileRef = 5DEC9E4A226C3E88005EFC58 /* Quote.swift */; };
/* End PBXBuildFile section */

/* Begin PBXFileReference section */
		5DEC9E352269A019005EFC58 /* QuoteOfTheDay.app */ = {isa = PBXFileReference; explicitFileType = wrapper.application; includeInIndex = 0; path = QuoteOfTheDay.app; sourceTree = BUILT_PRODUCTS_DIR; };
		5DEC9E382269A01A005EFC58 /* AppDelegate.swift */ = {isa = PBXFileReference; lastKnownFileType = sourcecode.swift; path = AppDelegate.swift; sourceTree = "<group>"; };
		5DEC9E3A2269A01A005EFC58 /* ViewController.swift */ = {isa = PBXFileReference; lastKnownFileType = sourcecode.swift; path = ViewController.swift; sourceTree = "<group>"; };
		5DEC9E3D2269A01A005EFC58 /* Base */ = {isa = PBXFileReference; lastKnownFileType = file.storyboard; name = Base; path = Base.lproj/Main.storyboard; sourceTree = "<group>"; };
		5DEC9E3F2269A01C005EFC58 /* Assets.xcassets */ = {isa = PBXFileReference; lastKnownFileType = folder.assetcatalog; path = Assets.xcassets; sourceTree = "<group>"; };
		5DEC9E422269A01C005EFC58 /* Base */ = {isa = PBXFileReference; lastKnownFileType = file.storyboard; name = Base; path = Base.lproj/LaunchScreen.storyboard; sourceTree = "<group>"; };
		5DEC9E442269A01C005EFC58 /* Info.plist */ = {isa = PBXFileReference; lastKnownFileType = text.plist.xml; path = Info.plist; sourceTree = "<group>"; };
		5DEC9E4A226C3E88005EFC58 /* Quote.swift */ = {isa = PBXFileReference; lastKnownFileType = sourcecode.swift; path = Quote.swift; sourceTree = "<group>"; };
/* End PBXFileReference section */

/* Begin PBXFrameworksBuildPhase section */
		5DEC9E322269A019005EFC58 /* Frameworks */ = {
			isa = PBXFrameworksBuildPhase;
			buildActionMask = 2147483647;
			files = (
			);
			runOnlyForDeploymentPostprocessing = 0;
		};
/* End PBXFrameworksBuildPhase section */

/* Begin PBXGroup section */
		5DEC9E2C2269A019005EFC58 = {
			isa = PBXGroup;
			children = (
				5DEC9E372269A019005EFC58 /* QuoteOfTheDay */,
				5DEC9E362269A019005EFC58 /* Products */,
			);
			sourceTree = "<group>";
		};
		5DEC9E362269A019005EFC58 /* Products */ = {
			isa = PBXGroup;
			children = (
				5DEC9E352269A019005EFC58 /* QuoteOfTheDay.app */,
			);
			name = Products;
			sourceTree = "<group>";
		};
		5DEC9E372269A019005EFC58 /* QuoteOfTheDay */ = {
			isa = PBXGroup;
			children = (
				5DEC9E382269A01A005EFC58 /* AppDelegate.swift */,
				5DEC9E3A2269A01A005EFC58 /* ViewController.swift */,
				5DEC9E3C2269A01A005EFC58 /* Main.storyboard */,
				5DEC9E3F2269A01C005EFC58 /* Assets.xcassets */,
				5DEC9E412269A01C005EFC58 /* LaunchScreen.storyboard */,
				5DEC9E442269A01C005EFC58 /* Info.plist */,
				5DEC9E4A226C3E88005EFC58 /* Quote.swift */,
			);
			path = QuoteOfTheDay;
			sourceTree = "<group>";
		};
/* End PBXGroup section */

/* Begin PBXNativeTarget section */
		5DEC9E342269A019005EFC58 /* QuoteOfTheDay */ = {
			isa = PBXNativeTarget;
			buildConfigurationList = 5DEC9E472269A01C005EFC58 /* Build configuration list for PBXNativeTarget "QuoteOfTheDay" */;
			buildPhases = (
				5DEC9E312269A019005EFC58 /* Sources */,
				5DEC9E322269A019005EFC58 /* Frameworks */,
				5DEC9E332269A019005EFC58 /* Resources */,
			);
			buildRules = (
			);
			dependencies = (
			);
			name = QuoteOfTheDay;
			productName = QuoteOfTheDay;
			productReference = 5DEC9E352269A019005EFC58 /* QuoteOfTheDay.app */;
			productType = "com.apple.product-type.application";
		};
/* End PBXNativeTarget section */

/* Begin PBXProject section */
		5DEC9E2D2269A019005EFC58 /* Project object */ = {
			isa = PBXProject;
			attributes = {
				LastSwiftUpdateCheck = 1020;
				LastUpgradeCheck = 1020;
				ORGANIZATIONNAME = "Hameed Abdullah";
				TargetAttributes = {
					5DEC9E342269A019005EFC58 = {
						CreatedOnToolsVersion = 10.2;
					};
				};
			};
			buildConfigurationList = 5DEC9E302269A019005EFC58 /* Build configuration list for PBXProject "QuoteOfTheDay" */;
			compatibilityVersion = "Xcode 9.3";
			developmentRegion = en;
			hasScannedForEncodings = 0;
			knownRegions = (
				en,
				Base,
			);
			mainGroup = 5DEC9E2C2269A019005EFC58;
			productRefGroup = 5DEC9E362269A019005EFC58 /* Products */;
			projectDirPath = "";
			projectRoot = "";
			targets = (
				5DEC9E342269A019005EFC58 /* QuoteOfTheDay */,
			);
		};
/* End PBXProject section */

/* Begin PBXResourcesBuildPhase section */
		5DEC9E332269A019005EFC58 /* Resources */ = {
			isa = PBXResourcesBuildPhase;
			buildActionMask = 2147483647;
			files = (
				5DEC9E432269A01C005EFC58 /* LaunchScreen.storyboard in Resources */,
				5DEC9E402269A01C005EFC58 /* Assets.xcassets in Resources */,
				5DEC9E3E2269A01A005EFC58 /* Main.storyboard in Resources */,
			);
			runOnlyForDeploymentPostprocessing = 0;
		};
/* End PBXResourcesBuildPhase section */

/* Begin PBXSourcesBuildPhase section */
		5DEC9E312269A019005EFC58 /* Sources */ = {
			isa = PBXSourcesBuildPhase;
			buildActionMask = 2147483647;
			files = (
				5DEC9E3B2269A01A005EFC58 /* ViewController.swift in Sources */,
				5DEC9E4B226C3E88005EFC58 /* Quote.swift in Sources */,
				5DEC9E392269A01A005EFC58 /* AppDelegate.swift in Sources */,
			);
			runOnlyForDeploymentPostprocessing = 0;
		};
/* End PBXSourcesBuildPhase section */

/* Begin PBXVariantGroup section */
		5DEC9E3C2269A01A005EFC58 /* Main.storyboard */ = {
			isa = PBXVariantGroup;
			children = (
				5DEC9E3D2269A01A005EFC58 /* Base */,
			);
			name = Main.storyboard;
			sourceTree = "<group>";
		};
		5DEC9E412269A01C005EFC58 /* LaunchScreen.storyboard */ = {
			isa = PBXVariantGroup;
			children = (
				5DEC9E422269A01C005EFC58 /* Base */,
			);
			name = LaunchScreen.storyboard;
			sourceTree = "<group>";
		};
/* End PBXVariantGroup section */

/* Begin XCBuildConfiguration section */
		5DEC9E452269A01C005EFC58 /* Debug */ = {
			isa = XCBuildConfiguration;
			buildSettings = {
				ALWAYS_SEARCH_USER_PATHS = NO;
				CLANG_ANALYZER_NONNULL = YES;
				CLANG_ANALYZER_NUMBER_OBJECT_CONVERSION = YES_AGGRESSIVE;
				CLANG_CXX_LANGUAGE_STANDARD = "gnu++14";
				CLANG_CXX_LIBRARY = "libc++";
				CLANG_ENABLE_MODULES = YES;
				CLANG_ENABLE_OBJC_ARC = YES;
				CLANG_ENABLE_OBJC_WEAK = YES;
				CLANG_WARN_BLOCK_CAPTURE_AUTORELEASING = YES;
				CLANG_WARN_BOOL_CONVERSION = YES;
				CLANG_WARN_COMMA = YES;
				CLANG_WARN_CONSTANT_CONVERSION = YES;
				CLANG_WARN_DEPRECATED_OBJC_IMPLEMENTATIONS = YES;
				CLANG_WARN_DIRECT_OBJC_ISA_USAGE = YES_ERROR;
				CLANG_WARN_DOCUMENTATION_COMMENTS = YES;
				CLANG_WARN_EMPTY_BODY = YES;
				CLANG_WARN_ENUM_CONVERSION = YES;
				CLANG_WARN_INFINITE_RECURSION = YES;
				CLANG_WARN_INT_CONVERSION = YES;
				CLANG_WARN_NON_LITERAL_NULL_CONVERSION = YES;
				CLANG_WARN_OBJC_IMPLICIT_RETAIN_SELF = YES;
				CLANG_WARN_OBJC_LITERAL_CONVERSION = YES;
				CLANG_WARN_OBJC_ROOT_CLASS = YES_ERROR;
				CLANG_WARN_RANGE_LOOP_ANALYSIS = YES;
				CLANG_WARN_STRICT_PROTOTYPES = YES;
				CLANG_WARN_SUSPICIOUS_MOVE = YES;
				CLANG_WARN_UNGUARDED_AVAILABILITY = YES_AGGRESSIVE;
				CLANG_WARN_UNREACHABLE_CODE = YES;
				CLANG_WARN__DUPLICATE_METHOD_MATCH = YES;
				CODE_SIGN_IDENTITY = "iPhone Developer";
				COPY_PHASE_STRIP = NO;
				DEBUG_INFORMATION_FORMAT = dwarf;
				ENABLE_STRICT_OBJC_MSGSEND = YES;
				ENABLE_TESTABILITY = YES;
				GCC_C_LANGUAGE_STANDARD = gnu11;
				GCC_DYNAMIC_NO_PIC = NO;
				GCC_NO_COMMON_BLOCKS = YES;
				GCC_OPTIMIZATION_LEVEL = 0;
				GCC_PREPROCESSOR_DEFINITIONS = (
					"DEBUG=1",
					"$(inherited)",
				);
				GCC_WARN_64_TO_32_BIT_CONVERSION = YES;
				GCC_WARN_ABOUT_RETURN_TYPE = YES_ERROR;
				GCC_WARN_UNDECLARED_SELECTOR = YES;
				GCC_WARN_UNINITIALIZED_AUTOS = YES_AGGRESSIVE;
				GCC_WARN_UNUSED_FUNCTION = YES;
				GCC_WARN_UNUSED_VARIABLE = YES;
				IPHONEOS_DEPLOYMENT_TARGET = 12.2;
				MTL_ENABLE_DEBUG_INFO = INCLUDE_SOURCE;
				MTL_FAST_MATH = YES;
				ONLY_ACTIVE_ARCH = YES;
				SDKROOT = iphoneos;
				SWIFT_ACTIVE_COMPILATION_CONDITIONS = DEBUG;
				SWIFT_OPTIMIZATION_LEVEL = "-Onone";
			};
			name = Debug;
		};
		5DEC9E462269A01C005EFC58 /* Release */ = {
			isa = XCBuildConfiguration;
			buildSettings = {
				ALWAYS_SEARCH_USER_PATHS = NO;
				CLANG_ANALYZER_NONNULL = YES;
				CLANG_ANALYZER_NUMBER_OBJECT_CONVERSION = YES_AGGRESSIVE;
				CLANG_CXX_LANGUAGE_STANDARD = "gnu++14";
				CLANG_CXX_LIBRARY = "libc++";
				CLANG_ENABLE_MODULES = YES;
				CLANG_ENABLE_OBJC_ARC = YES;
				CLANG_ENABLE_OBJC_WEAK = YES;
				CLANG_WARN_BLOCK_CAPTURE_AUTORELEASING = YES;
				CLANG_WARN_BOOL_CONVERSION = YES;
				CLANG_WARN_COMMA = YES;
				CLANG_WARN_CONSTANT_CONVERSION = YES;
				CLANG_WARN_DEPRECATED_OBJC_IMPLEMENTATIONS = YES;
				CLANG_WARN_DIRECT_OBJC_ISA_USAGE = YES_ERROR;
				CLANG_WARN_DOCUMENTATION_COMMENTS = YES;
				CLANG_WARN_EMPTY_BODY = YES;
				CLANG_WARN_ENUM_CONVERSION = YES;
				CLANG_WARN_INFINITE_RECURSION = YES;
				CLANG_WARN_INT_CONVERSION = YES;
				CLANG_WARN_NON_LITERAL_NULL_CONVERSION = YES;
				CLANG_WARN_OBJC_IMPLICIT_RETAIN_SELF = YES;
				CLANG_WARN_OBJC_LITERAL_CONVERSION = YES;
				CLANG_WARN_OBJC_ROOT_CLASS = YES_ERROR;
				CLANG_WARN_RANGE_LOOP_ANALYSIS = YES;
				CLANG_WARN_STRICT_PROTOTYPES = YES;
				CLANG_WARN_SUSPICIOUS_MOVE = YES;
				CLANG_WARN_UNGUARDED_AVAILABILITY = YES_AGGRESSIVE;
				CLANG_WARN_UNREACHABLE_CODE = YES;
				CLANG_WARN__DUPLICATE_METHOD_MATCH = YES;
				CODE_SIGN_IDENTITY = "iPhone Developer";
				COPY_PHASE_STRIP = NO;
				DEBUG_INFORMATION_FORMAT = "dwarf-with-dsym";
				ENABLE_NS_ASSERTIONS = NO;
				ENABLE_STRICT_OBJC_MSGSEND = YES;
				GCC_C_LANGUAGE_STANDARD = gnu11;
				GCC_NO_COMMON_BLOCKS = YES;
				GCC_WARN_64_TO_32_BIT_CONVERSION = YES;
				GCC_WARN_ABOUT_RETURN_TYPE = YES_ERROR;
				GCC_WARN_UNDECLARED_SELECTOR = YES;
				GCC_WARN_UNINITIALIZED_AUTOS = YES_AGGRESSIVE;
				GCC_WARN_UNUSED_FUNCTION = YES;
				GCC_WARN_UNUSED_VARIABLE = YES;
				IPHONEOS_DEPLOYMENT_TARGET = 12.2;
				MTL_ENABLE_DEBUG_INFO = NO;
				MTL_FAST_MATH = YES;
				SDKROOT = iphoneos;
				SWIFT_COMPILATION_MODE = wholemodule;
				SWIFT_OPTIMIZATION_LEVEL = "-O";
				VALIDATE_PRODUCT = YES;
			};
			name = Release;
		};
		5DEC9E482269A01C005EFC58 /* Debug */ = {
			isa = XCBuildConfiguration;
			buildSettings = {
				ASSETCATALOG_COMPILER_APPICON_NAME = AppIcon;
				CODE_SIGN_STYLE = Automatic;
				DEVELOPMENT_TEAM = RB2U67QS54;
				INFOPLIST_FILE = QuoteOfTheDay/Info.plist;
				LD_RUNPATH_SEARCH_PATHS = (
					"$(inherited)",
					"@executable_path/Frameworks",
				);
				PRODUCT_BUNDLE_IDENTIFIER = com.MidoiOS.QuoteOfTheDay;
				PRODUCT_NAME = "$(TARGET_NAME)";
				SWIFT_VERSION = 5.0;
				TARGETED_DEVICE_FAMILY = "1,2";
			};
			name = Debug;
		};
		5DEC9E492269A01C005EFC58 /* Release */ = {
			isa = XCBuildConfiguration;
			buildSettings = {
				ASSETCATALOG_COMPILER_APPICON_NAME = AppIcon;
				CODE_SIGN_STYLE = Automatic;
				DEVELOPMENT_TEAM = RB2U67QS54;
				INFOPLIST_FILE = QuoteOfTheDay/Info.plist;
				LD_RUNPATH_SEARCH_PATHS = (
					"$(inherited)",
					"@executable_path/Frameworks",
				);
				PRODUCT_BUNDLE_IDENTIFIER = com.MidoiOS.QuoteOfTheDay;
				PRODUCT_NAME = "$(TARGET_NAME)";
				SWIFT_VERSION = 5.0;
				TARGETED_DEVICE_FAMILY = "1,2";
			};
			name = Release;
		};
/* End XCBuildConfiguration section */

/* Begin XCConfigurationList section */
		5DEC9E302269A019005EFC58 /* Build configuration list for PBXProject "QuoteOfTheDay" */ = {
			isa = XCConfigurationList;
			buildConfigurations = (
				5DEC9E452269A01C005EFC58 /* Debug */,
				5DEC9E462269A01C005EFC58 /* Release */,
			);
			defaultConfigurationIsVisible = 0;
			defaultConfigurationName = Release;
		};
		5DEC9E472269A01C005EFC58 /* Build configuration list for PBXNativeTarget "QuoteOfTheDay" */ = {
			isa = XCConfigurationList;
			buildConfigurations = (
				5DEC9E482269A01C005EFC58 /* Debug */,
				5DEC9E492269A01C005EFC58 /* Release */,
			);
			defaultConfigurationIsVisible = 0;
			defaultConfigurationName = Release;
		};
/* End XCConfigurationList section */
	};
	rootObject = 5DEC9E2D2269A019005EFC58 /* Project object */;
}
